
Microsoft Visual Studio Solution File, Format Version 12.00
# Visual Studio 15
VisualStudioVersion = 15.0.28010.2026
MinimumVisualStudioVersion = 10.0.40219.1
Project("{FAE04EC0-301F-11D3-BF4B-00C04F79EFBC}") = "ConsoleApp", "ConsoleApp\ConsoleApp.csproj", "{8225F328-25EE-4B0A-AE56-CAB430C4033C}"
EndProject
Global
	GlobalSection(SolutionConfigurationPlatforms) = preSolution
		Debug|Any CPU = Debug|Any CPU
		Release|Any CPU = Release|Any CPU
	EndGlobalSection
	GlobalSection(ProjectConfigurationPlatforms) = postSolution
		{8225F328-25EE-4B0A-AE56-CAB430C4033C}.Debug|Any CPU.ActiveCfg = Debug|Any CPU
		{8225F328-25EE-4B0A-AE56-CAB430C4033C}.Debug|Any CPU.Build.0 = Debug|Any CPU
		{8225F328-25EE-4B0A-AE56-CAB430C4033C}.Release|Any CPU.ActiveCfg = Release|Any CPU
		{8225F328-25EE-4B0A-AE56-CAB430C4033C}.Release|Any CPU.Build.0 = Release|Any CPU
	EndGlobalSection
	GlobalSection(SolutionProperties) = preSolution
		HideSolutionNode = FALSE
	EndGlobalSection
	GlobalSection(ExtensibilityGlobals) = postSolution
		SolutionGuid = {2FFF39A1-1D52-4B47-A45F-61EF4B1E9F92}
	EndGlobalSection
EndGlobal
